
Microsoft Visual Studio Solution File, Format Version 12.00
# Visual Studio Version 17
VisualStudioVersion = 17.14.36518.9 d17.14
MinimumVisualStudioVersion = 10.0.40219.1
Project("{FAE04EC0-301F-11D3-BF4B-00C04F79EFBC}") = "API_DataBase_KillTeamWarhammer40k", "API_DataBase_KillTeamWarhammer40k.csproj", "{6ED6221F-FDEA-4B16-A33D-313F14805B96}"
EndProject
Global
	GlobalSection(SolutionConfigurationPlatforms) = preSolution
		Debug|Any CPU = Debug|Any CPU
		Release|Any CPU = Release|Any CPU
	EndGlobalSection
	GlobalSection(ProjectConfigurationPlatforms) = postSolution
		{6ED6221F-FDEA-4B16-A33D-313F14805B96}.Debug|Any CPU.ActiveCfg = Debug|Any CPU
		{6ED6221F-FDEA-4B16-A33D-313F14805B96}.Debug|Any CPU.Build.0 = Debug|Any CPU
		{6ED6221F-FDEA-4B16-A33D-313F14805B96}.Release|Any CPU.ActiveCfg = Release|Any CPU
		{6ED6221F-FDEA-4B16-A33D-313F14805B96}.Release|Any CPU.Build.0 = Release|Any CPU
	EndGlobalSection
	GlobalSection(SolutionProperties) = preSolution
		HideSolutionNode = FALSE
	EndGlobalSection
	GlobalSection(ExtensibilityGlobals) = postSolution
		SolutionGuid = {48AE9A61-AB79-4365-90F0-C413944BAED9}
	EndGlobalSection
EndGlobal
